
Microsoft Visual Studio Solution File, Format Version 10.00
# Visual Studio 2008
Project("{8BC9CEB8-8B4A-11D0-8D11-00A0C91BC942}") = "apt-copynumber-workflow", "apt-copynumber-workflow.vcproj", "{F1EE677B-0C46-4771-8972-9FB534B6F220}"
	ProjectSection(ProjectDependencies) = postProject
		{6812EB15-8E4D-49C0-A2D8-D50B8887A338} = {6812EB15-8E4D-49C0-A2D8-D50B8887A338}
		{57698230-9E42-4ACB-82EE-344535645123} = {57698230-9E42-4ACB-82EE-344535645123}
		{F5866849-9E42-4ACB-82EE-385739857238} = {F5866849-9E42-4ACB-82EE-385739857238}
		{CBE8F567-BF05-4433-B68A-5930F88B84BD} = {CBE8F567-BF05-4433-B68A-5930F88B84BD}
		{BE750798-BB30-40E6-8866-1E7DF278CC1A} = {BE750798-BB30-40E6-8866-1E7DF278CC1A}
		{F75849C9-9E42-4ACB-82EE-128594860999} = {F75849C9-9E42-4ACB-82EE-128594860999}
		{F0EBFEC9-1111-4444-5555-112332312998} = {F0EBFEC9-1111-4444-5555-112332312998}
		{F0EBFEC9-9E42-4ACB-82EE-112332312998} = {F0EBFEC9-9E42-4ACB-82EE-112332312998}
		{F0EBFEC9-9E42-4ACB-82EE-123436597814} = {F0EBFEC9-9E42-4ACB-82EE-123436597814}
		{F0EBFEC9-9E42-4ACB-82EE-129847509899} = {F0EBFEC9-9E42-4ACB-82EE-129847509899}
		{F0EBFEC9-9E42-4ACB-82EE-333444298342} = {F0EBFEC9-9E42-4ACB-82EE-333444298342}
		{F0EBFEC9-9E42-4ACB-82EE-384758609816} = {F0EBFEC9-9E42-4ACB-82EE-384758609816}
		{F0EBFEC9-9E42-4ACB-82EE-490684076412} = {F0EBFEC9-9E42-4ACB-82EE-490684076412}
		{F0EBFEC9-9E42-4ACB-82EE-A86895BF9647} = {F0EBFEC9-9E42-4ACB-82EE-A86895BF9647}
		{7C8CE5E3-704C-4B35-8985-23472904B489} = {7C8CE5E3-704C-4B35-8985-23472904B489}
	EndProjectSection
EndProject
Project("{8BC9CEB8-8B4A-11D0-8D11-00A0C91BC942}") = "lib-birdseed-dev", "..\..\birdseed-dev\lib-birdseed-apt.vcproj", "{F0EBFEC9-9E42-4ACB-82EE-112332312998}"
EndProject
Project("{8BC9CEB8-8B4A-11D0-8D11-00A0C91BC942}") = "lib-birdseed-v1", "..\..\birdseed-v1\lib-birdseed-v1-apt.vcproj", "{F0EBFEC9-1111-4444-5555-112332312998}"
EndProject
Project("{8BC9CEB8-8B4A-11D0-8D11-00A0C91BC942}") = "lib-fusion", "..\..\calvin_files\lib-fusion-apt.vcproj", "{F0EBFEC9-9E42-4ACB-82EE-384758609816}"
EndProject
Project("{8BC9CEB8-8B4A-11D0-8D11-00A0C91BC942}") = "lib-calvin", "..\..\calvin_files\lib-calvin-apt.vcproj", "{F0EBFEC9-9E42-4ACB-82EE-490684076412}"
EndProject
Project("{8BC9CEB8-8B4A-11D0-8D11-00A0C91BC942}") = "lib-file", "..\..\file\lib-file-apt.vcproj", "{F0EBFEC9-9E42-4ACB-82EE-123436597814}"
EndProject
Project("{8BC9CEB8-8B4A-11D0-8D11-00A0C91BC942}") = "lib-file5", "..\..\file5\lib-file5.vcproj", "{7C8CE5E3-704C-4B35-8985-23472904B489}"
EndProject
Project("{8BC9CEB8-8B4A-11D0-8D11-00A0C91BC942}") = "lib-util", "..\..\util\lib-util-apt.vcproj", "{6812EB15-8E4D-49C0-A2D8-D50B8887A338}"
EndProject
Project("{8BC9CEB8-8B4A-11D0-8D11-00A0C91BC942}") = "lib-hdf5", "..\..\..\external\hdf5\lib-hdf5.vcproj", "{57698230-9E42-4ACB-82EE-344535645123}"
EndProject
Project("{8BC9CEB8-8B4A-11D0-8D11-00A0C91BC942}") = "lib-newmat", "..\..\..\external\newmat\win\newmat\lib-newmat.vcproj", "{F0EBFEC9-9E42-4ACB-82EE-A86895BF9647}"
EndProject
Project("{8BC9CEB8-8B4A-11D0-8D11-00A0C91BC942}") = "lib-pcre", "..\..\..\external\pcre\lib-pcre.vcproj", "{F75849C9-9E42-4ACB-82EE-128594860999}"
EndProject
Project("{8BC9CEB8-8B4A-11D0-8D11-00A0C91BC942}") = "lib-xerces", "..\..\..\external\xerces\lib-xerces.vcproj", "{BE750798-BB30-40E6-8866-1E7DF278CC1A}"
EndProject
Project("{8BC9CEB8-8B4A-11D0-8D11-00A0C91BC942}") = "lib-zlib", "..\..\..\external\zlib\lib-zlib.vcproj", "{F5866849-9E42-4ACB-82EE-385739857238}"
EndProject
Project("{8BC9CEB8-8B4A-11D0-8D11-00A0C91BC942}") = "lib-chipstream", "..\..\chipstream\lib-chipstream-apt.vcproj", "{F0EBFEC9-9E42-4ACB-82EE-129847509899}"
EndProject
Project("{8BC9CEB8-8B4A-11D0-8D11-00A0C91BC942}") = "lib-copynumber", "..\lib-copynumber.vcproj", "{CBE8F567-BF05-4433-B68A-5930F88B84BD}"
EndProject
Project("{8BC9CEB8-8B4A-11D0-8D11-00A0C91BC942}") = "lib-sdk", "..\..\apt\lib-sdk-apt.vcproj", "{F0EBFEC9-9E42-4ACB-82EE-333444298342}"
EndProject
Global
	GlobalSection(SolutionConfigurationPlatforms) = preSolution
		Debug|Win32 = Debug|Win32
		Debug|x64 = Debug|x64
		DebugGUI|Win32 = DebugGUI|Win32
		DebugGUI|x64 = DebugGUI|x64
		Release|Win32 = Release|Win32
		Release|x64 = Release|x64
		ReleaseGUI|Win32 = ReleaseGUI|Win32
		ReleaseGUI|x64 = ReleaseGUI|x64
	EndGlobalSection
	GlobalSection(ProjectConfigurationPlatforms) = postSolution
		{F1EE677B-0C46-4771-8972-9FB534B6F220}.Debug|Win32.ActiveCfg = Debug|Win32
		{F1EE677B-0C46-4771-8972-9FB534B6F220}.Debug|Win32.Build.0 = Debug|Win32
		{F1EE677B-0C46-4771-8972-9FB534B6F220}.Debug|x64.ActiveCfg = Debug|x64
		{F1EE677B-0C46-4771-8972-9FB534B6F220}.Debug|x64.Build.0 = Debug|x64
		{F1EE677B-0C46-4771-8972-9FB534B6F220}.DebugGUI|Win32.ActiveCfg = Debug|x64
		{F1EE677B-0C46-4771-8972-9FB534B6F220}.DebugGUI|x64.ActiveCfg = Debug|x64
		{F1EE677B-0C46-4771-8972-9FB534B6F220}.DebugGUI|x64.Build.0 = Debug|x64
		{F1EE677B-0C46-4771-8972-9FB534B6F220}.Release|Win32.ActiveCfg = Release|Win32
		{F1EE677B-0C46-4771-8972-9FB534B6F220}.Release|Win32.Build.0 = Release|Win32
		{F1EE677B-0C46-4771-8972-9FB534B6F220}.Release|x64.ActiveCfg = Release|x64
		{F1EE677B-0C46-4771-8972-9FB534B6F220}.Release|x64.Build.0 = Release|x64
		{F1EE677B-0C46-4771-8972-9FB534B6F220}.ReleaseGUI|Win32.ActiveCfg = Release|x64
		{F1EE677B-0C46-4771-8972-9FB534B6F220}.ReleaseGUI|x64.ActiveCfg = Release|x64
		{F1EE677B-0C46-4771-8972-9FB534B6F220}.ReleaseGUI|x64.Build.0 = Release|x64
		{F0EBFEC9-9E42-4ACB-82EE-112332312998}.Debug|Win32.ActiveCfg = Debug|Win32
		{F0EBFEC9-9E42-4ACB-82EE-112332312998}.Debug|Win32.Build.0 = Debug|Win32
		{F0EBFEC9-9E42-4ACB-82EE-112332312998}.Debug|x64.ActiveCfg = Debug|x64
		{F0EBFEC9-9E42-4ACB-82EE-112332312998}.Debug|x64.Build.0 = Debug|x64
		{F0EBFEC9-9E42-4ACB-82EE-112332312998}.DebugGUI|Win32.ActiveCfg = Debug|x64
		{F0EBFEC9-9E42-4ACB-82EE-112332312998}.DebugGUI|x64.ActiveCfg = Debug|x64
		{F0EBFEC9-9E42-4ACB-82EE-112332312998}.DebugGUI|x64.Build.0 = Debug|x64
		{F0EBFEC9-9E42-4ACB-82EE-112332312998}.Release|Win32.ActiveCfg = Release|Win32
		{F0EBFEC9-9E42-4ACB-82EE-112332312998}.Release|Win32.Build.0 = Release|Win32
		{F0EBFEC9-9E42-4ACB-82EE-112332312998}.Release|x64.ActiveCfg = Release|x64
		{F0EBFEC9-9E42-4ACB-82EE-112332312998}.Release|x64.Build.0 = Release|x64
		{F0EBFEC9-9E42-4ACB-82EE-112332312998}.ReleaseGUI|Win32.ActiveCfg = Release|x64
		{F0EBFEC9-9E42-4ACB-82EE-112332312998}.ReleaseGUI|x64.ActiveCfg = Release|x64
		{F0EBFEC9-9E42-4ACB-82EE-112332312998}.ReleaseGUI|x64.Build.0 = Release|x64
		{F0EBFEC9-1111-4444-5555-112332312998}.Debug|Win32.ActiveCfg = Debug|Win32
		{F0EBFEC9-1111-4444-5555-112332312998}.Debug|Win32.Build.0 = Debug|Win32
		{F0EBFEC9-1111-4444-5555-112332312998}.Debug|x64.ActiveCfg = Debug|x64
		{F0EBFEC9-1111-4444-5555-112332312998}.Debug|x64.Build.0 = Debug|x64
		{F0EBFEC9-1111-4444-5555-112332312998}.DebugGUI|Win32.ActiveCfg = Debug|x64
		{F0EBFEC9-1111-4444-5555-112332312998}.DebugGUI|x64.ActiveCfg = Debug|x64
		{F0EBFEC9-1111-4444-5555-112332312998}.DebugGUI|x64.Build.0 = Debug|x64
		{F0EBFEC9-1111-4444-5555-112332312998}.Release|Win32.ActiveCfg = Release|Win32
		{F0EBFEC9-1111-4444-5555-112332312998}.Release|Win32.Build.0 = Release|Win32
		{F0EBFEC9-1111-4444-5555-112332312998}.Release|x64.ActiveCfg = Release|x64
		{F0EBFEC9-1111-4444-5555-112332312998}.Release|x64.Build.0 = Release|x64
		{F0EBFEC9-1111-4444-5555-112332312998}.ReleaseGUI|Win32.ActiveCfg = Release|x64
		{F0EBFEC9-1111-4444-5555-112332312998}.ReleaseGUI|x64.ActiveCfg = Release|x64
		{F0EBFEC9-1111-4444-5555-112332312998}.ReleaseGUI|x64.Build.0 = Release|x64
		{F0EBFEC9-9E42-4ACB-82EE-384758609816}.Debug|Win32.ActiveCfg = Debug|Win32
		{F0EBFEC9-9E42-4ACB-82EE-384758609816}.Debug|Win32.Build.0 = Debug|Win32
		{F0EBFEC9-9E42-4ACB-82EE-384758609816}.Debug|x64.ActiveCfg = Debug|x64
		{F0EBFEC9-9E42-4ACB-82EE-384758609816}.Debug|x64.Build.0 = Debug|x64
		{F0EBFEC9-9E42-4ACB-82EE-384758609816}.DebugGUI|Win32.ActiveCfg = Debug|x64
		{F0EBFEC9-9E42-4ACB-82EE-384758609816}.DebugGUI|x64.ActiveCfg = Debug|x64
		{F0EBFEC9-9E42-4ACB-82EE-384758609816}.DebugGUI|x64.Build.0 = Debug|x64
		{F0EBFEC9-9E42-4ACB-82EE-384758609816}.Release|Win32.ActiveCfg = Release|Win32
		{F0EBFEC9-9E42-4ACB-82EE-384758609816}.Release|Win32.Build.0 = Release|Win32
		{F0EBFEC9-9E42-4ACB-82EE-384758609816}.Release|x64.ActiveCfg = Release|x64
		{F0EBFEC9-9E42-4ACB-82EE-384758609816}.Release|x64.Build.0 = Release|x64
		{F0EBFEC9-9E42-4ACB-82EE-384758609816}.ReleaseGUI|Win32.ActiveCfg = Release|x64
		{F0EBFEC9-9E42-4ACB-82EE-384758609816}.ReleaseGUI|x64.ActiveCfg = Release|x64
		{F0EBFEC9-9E42-4ACB-82EE-384758609816}.ReleaseGUI|x64.Build.0 = Release|x64
		{F0EBFEC9-9E42-4ACB-82EE-490684076412}.Debug|Win32.ActiveCfg = Debug|Win32
		{F0EBFEC9-9E42-4ACB-82EE-490684076412}.Debug|Win32.Build.0 = Debug|Win32
		{F0EBFEC9-9E42-4ACB-82EE-490684076412}.Debug|x64.ActiveCfg = Debug|x64
		{F0EBFEC9-9E42-4ACB-82EE-490684076412}.Debug|x64.Build.0 = Debug|x64
		{F0EBFEC9-9E42-4ACB-82EE-490684076412}.DebugGUI|Win32.ActiveCfg = Debug|x64
		{F0EBFEC9-9E42-4ACB-82EE-490684076412}.DebugGUI|x64.ActiveCfg = Debug|x64
		{F0EBFEC9-9E42-4ACB-82EE-490684076412}.DebugGUI|x64.Build.0 = Debug|x64
		{F0EBFEC9-9E42-4ACB-82EE-490684076412}.Release|Win32.ActiveCfg = Release|Win32
		{F0EBFEC9-9E42-4ACB-82EE-490684076412}.Release|Win32.Build.0 = Release|Win32
		{F0EBFEC9-9E42-4ACB-82EE-490684076412}.Release|x64.ActiveCfg = Release|x64
		{F0EBFEC9-9E42-4ACB-82EE-490684076412}.Release|x64.Build.0 = Release|x64
		{F0EBFEC9-9E42-4ACB-82EE-490684076412}.ReleaseGUI|Win32.ActiveCfg = Release|x64
		{F0EBFEC9-9E42-4ACB-82EE-490684076412}.ReleaseGUI|x64.ActiveCfg = Release|x64
		{F0EBFEC9-9E42-4ACB-82EE-490684076412}.ReleaseGUI|x64.Build.0 = Release|x64
		{F0EBFEC9-9E42-4ACB-82EE-123436597814}.Debug|Win32.ActiveCfg = Debug|Win32
		{F0EBFEC9-9E42-4ACB-82EE-123436597814}.Debug|Win32.Build.0 = Debug|Win32
		{F0EBFEC9-9E42-4ACB-82EE-123436597814}.Debug|x64.ActiveCfg = Debug|x64
		{F0EBFEC9-9E42-4ACB-82EE-123436597814}.Debug|x64.Build.0 = Debug|x64
		{F0EBFEC9-9E42-4ACB-82EE-123436597814}.DebugGUI|Win32.ActiveCfg = Debug|x64
		{F0EBFEC9-9E42-4ACB-82EE-123436597814}.DebugGUI|x64.ActiveCfg = Debug|x64
		{F0EBFEC9-9E42-4ACB-82EE-123436597814}.DebugGUI|x64.Build.0 = Debug|x64
		{F0EBFEC9-9E42-4ACB-82EE-123436597814}.Release|Win32.ActiveCfg = Release|Win32
		{F0EBFEC9-9E42-4ACB-82EE-123436597814}.Release|Win32.Build.0 = Release|Win32
		{F0EBFEC9-9E42-4ACB-82EE-123436597814}.Release|x64.ActiveCfg = Release|x64
		{F0EBFEC9-9E42-4ACB-82EE-123436597814}.Release|x64.Build.0 = Release|x64
		{F0EBFEC9-9E42-4ACB-82EE-123436597814}.ReleaseGUI|Win32.ActiveCfg = Release|x64
		{F0EBFEC9-9E42-4ACB-82EE-123436597814}.ReleaseGUI|x64.ActiveCfg = Release|x64
		{F0EBFEC9-9E42-4ACB-82EE-123436597814}.ReleaseGUI|x64.Build.0 = Release|x64
		{7C8CE5E3-704C-4B35-8985-23472904B489}.Debug|Win32.ActiveCfg = Debug|Win32
		{7C8CE5E3-704C-4B35-8985-23472904B489}.Debug|Win32.Build.0 = Debug|Win32
		{7C8CE5E3-704C-4B35-8985-23472904B489}.Debug|x64.ActiveCfg = Debug|x64
		{7C8CE5E3-704C-4B35-8985-23472904B489}.Debug|x64.Build.0 = Debug|x64
		{7C8CE5E3-704C-4B35-8985-23472904B489}.DebugGUI|Win32.ActiveCfg = Debug|x64
		{7C8CE5E3-704C-4B35-8985-23472904B489}.DebugGUI|x64.ActiveCfg = Debug|x64
		{7C8CE5E3-704C-4B35-8985-23472904B489}.DebugGUI|x64.Build.0 = Debug|x64
		{7C8CE5E3-704C-4B35-8985-23472904B489}.Release|Win32.ActiveCfg = Release|Win32
		{7C8CE5E3-704C-4B35-8985-23472904B489}.Release|Win32.Build.0 = Release|Win32
		{7C8CE5E3-704C-4B35-8985-23472904B489}.Release|x64.ActiveCfg = Release|x64
		{7C8CE5E3-704C-4B35-8985-23472904B489}.Release|x64.Build.0 = Release|x64
		{7C8CE5E3-704C-4B35-8985-23472904B489}.ReleaseGUI|Win32.ActiveCfg = Release|x64
		{7C8CE5E3-704C-4B35-8985-23472904B489}.ReleaseGUI|x64.ActiveCfg = Release|x64
		{7C8CE5E3-704C-4B35-8985-23472904B489}.ReleaseGUI|x64.Build.0 = Release|x64
		{6812EB15-8E4D-49C0-A2D8-D50B8887A338}.Debug|Win32.ActiveCfg = Debug|Win32
		{6812EB15-8E4D-49C0-A2D8-D50B8887A338}.Debug|Win32.Build.0 = Debug|Win32
		{6812EB15-8E4D-49C0-A2D8-D50B8887A338}.Debug|x64.ActiveCfg = Debug|x64
		{6812EB15-8E4D-49C0-A2D8-D50B8887A338}.Debug|x64.Build.0 = Debug|x64
		{6812EB15-8E4D-49C0-A2D8-D50B8887A338}.DebugGUI|Win32.ActiveCfg = DebugGUI|Win32
		{6812EB15-8E4D-49C0-A2D8-D50B8887A338}.DebugGUI|Win32.Build.0 = DebugGUI|Win32
		{6812EB15-8E4D-49C0-A2D8-D50B8887A338}.DebugGUI|x64.ActiveCfg = DebugGUI|x64
		{6812EB15-8E4D-49C0-A2D8-D50B8887A338}.DebugGUI|x64.Build.0 = DebugGUI|x64
		{6812EB15-8E4D-49C0-A2D8-D50B8887A338}.Release|Win32.ActiveCfg = Release|Win32
		{6812EB15-8E4D-49C0-A2D8-D50B8887A338}.Release|Win32.Build.0 = Release|Win32
		{6812EB15-8E4D-49C0-A2D8-D50B8887A338}.Release|x64.ActiveCfg = Release|x64
		{6812EB15-8E4D-49C0-A2D8-D50B8887A338}.Release|x64.Build.0 = Release|x64
		{6812EB15-8E4D-49C0-A2D8-D50B8887A338}.ReleaseGUI|Win32.ActiveCfg = ReleaseGUI|Win32
		{6812EB15-8E4D-49C0-A2D8-D50B8887A338}.ReleaseGUI|Win32.Build.0 = ReleaseGUI|Win32
		{6812EB15-8E4D-49C0-A2D8-D50B8887A338}.ReleaseGUI|x64.ActiveCfg = ReleaseGUI|x64
		{6812EB15-8E4D-49C0-A2D8-D50B8887A338}.ReleaseGUI|x64.Build.0 = ReleaseGUI|x64
		{57698230-9E42-4ACB-82EE-344535645123}.Debug|Win32.ActiveCfg = Debug|Win32
		{57698230-9E42-4ACB-82EE-344535645123}.Debug|Win32.Build.0 = Debug|Win32
		{57698230-9E42-4ACB-82EE-344535645123}.Debug|x64.ActiveCfg = Debug|x64
		{57698230-9E42-4ACB-82EE-344535645123}.Debug|x64.Build.0 = Debug|x64
		{57698230-9E42-4ACB-82EE-344535645123}.DebugGUI|Win32.ActiveCfg = Debug|x64
		{57698230-9E42-4ACB-82EE-344535645123}.DebugGUI|x64.ActiveCfg = Debug|x64
		{57698230-9E42-4ACB-82EE-344535645123}.DebugGUI|x64.Build.0 = Debug|x64
		{57698230-9E42-4ACB-82EE-344535645123}.Release|Win32.ActiveCfg = Release|Win32
		{57698230-9E42-4ACB-82EE-344535645123}.Release|Win32.Build.0 = Release|Win32
		{57698230-9E42-4ACB-82EE-344535645123}.Release|x64.ActiveCfg = Release|x64
		{57698230-9E42-4ACB-82EE-344535645123}.Release|x64.Build.0 = Release|x64
		{57698230-9E42-4ACB-82EE-344535645123}.ReleaseGUI|Win32.ActiveCfg = Release|x64
		{57698230-9E42-4ACB-82EE-344535645123}.ReleaseGUI|x64.ActiveCfg = Release|x64
		{57698230-9E42-4ACB-82EE-344535645123}.ReleaseGUI|x64.Build.0 = Release|x64
		{F0EBFEC9-9E42-4ACB-82EE-A86895BF9647}.Debug|Win32.ActiveCfg = Debug|Win32
		{F0EBFEC9-9E42-4ACB-82EE-A86895BF9647}.Debug|Win32.Build.0 = Debug|Win32
		{F0EBFEC9-9E42-4ACB-82EE-A86895BF9647}.Debug|x64.ActiveCfg = Debug|x64
		{F0EBFEC9-9E42-4ACB-82EE-A86895BF9647}.Debug|x64.Build.0 = Debug|x64
		{F0EBFEC9-9E42-4ACB-82EE-A86895BF9647}.DebugGUI|Win32.ActiveCfg = Debug|x64
		{F0EBFEC9-9E42-4ACB-82EE-A86895BF9647}.DebugGUI|x64.ActiveCfg = Debug|x64
		{F0EBFEC9-9E42-4ACB-82EE-A86895BF9647}.DebugGUI|x64.Build.0 = Debug|x64
		{F0EBFEC9-9E42-4ACB-82EE-A86895BF9647}.Release|Win32.ActiveCfg = Release|Win32
		{F0EBFEC9-9E42-4ACB-82EE-A86895BF9647}.Release|Win32.Build.0 = Release|Win32
		{F0EBFEC9-9E42-4ACB-82EE-A86895BF9647}.Release|x64.ActiveCfg = Release|x64
		{F0EBFEC9-9E42-4ACB-82EE-A86895BF9647}.Release|x64.Build.0 = Release|x64
		{F0EBFEC9-9E42-4ACB-82EE-A86895BF9647}.ReleaseGUI|Win32.ActiveCfg = Release|x64
		{F0EBFEC9-9E42-4ACB-82EE-A86895BF9647}.ReleaseGUI|x64.ActiveCfg = Release|x64
		{F0EBFEC9-9E42-4ACB-82EE-A86895BF9647}.ReleaseGUI|x64.Build.0 = Release|x64
		{F75849C9-9E42-4ACB-82EE-128594860999}.Debug|Win32.ActiveCfg = Debug|Win32
		{F75849C9-9E42-4ACB-82EE-128594860999}.Debug|Win32.Build.0 = Debug|Win32
		{F75849C9-9E42-4ACB-82EE-128594860999}.Debug|x64.ActiveCfg = Debug|x64
		{F75849C9-9E42-4ACB-82EE-128594860999}.Debug|x64.Build.0 = Debug|x64
		{F75849C9-9E42-4ACB-82EE-128594860999}.DebugGUI|Win32.ActiveCfg = Debug|x64
		{F75849C9-9E42-4ACB-82EE-128594860999}.DebugGUI|x64.ActiveCfg = Debug|x64
		{F75849C9-9E42-4ACB-82EE-128594860999}.DebugGUI|x64.Build.0 = Debug|x64
		{F75849C9-9E42-4ACB-82EE-128594860999}.Release|Win32.ActiveCfg = Release|Win32
		{F75849C9-9E42-4ACB-82EE-128594860999}.Release|Win32.Build.0 = Release|Win32
		{F75849C9-9E42-4ACB-82EE-128594860999}.Release|x64.ActiveCfg = Release|x64
		{F75849C9-9E42-4ACB-82EE-128594860999}.Release|x64.Build.0 = Release|x64
		{F75849C9-9E42-4ACB-82EE-128594860999}.ReleaseGUI|Win32.ActiveCfg = Release|x64
		{F75849C9-9E42-4ACB-82EE-128594860999}.ReleaseGUI|x64.ActiveCfg = Release|x64
		{F75849C9-9E42-4ACB-82EE-128594860999}.ReleaseGUI|x64.Build.0 = Release|x64
		{BE750798-BB30-40E6-8866-1E7DF278CC1A}.Debug|Win32.ActiveCfg = Debug|Win32
		{BE750798-BB30-40E6-8866-1E7DF278CC1A}.Debug|Win32.Build.0 = Debug|Win32
		{BE750798-BB30-40E6-8866-1E7DF278CC1A}.Debug|x64.ActiveCfg = Debug|x64
		{BE750798-BB30-40E6-8866-1E7DF278CC1A}.Debug|x64.Build.0 = Debug|x64
		{BE750798-BB30-40E6-8866-1E7DF278CC1A}.DebugGUI|Win32.ActiveCfg = Debug|x64
		{BE750798-BB30-40E6-8866-1E7DF278CC1A}.DebugGUI|x64.ActiveCfg = Debug|x64
		{BE750798-BB30-40E6-8866-1E7DF278CC1A}.DebugGUI|x64.Build.0 = Debug|x64
		{BE750798-BB30-40E6-8866-1E7DF278CC1A}.Release|Win32.ActiveCfg = Release|Win32
		{BE750798-BB30-40E6-8866-1E7DF278CC1A}.Release|Win32.Build.0 = Release|Win32
		{BE750798-BB30-40E6-8866-1E7DF278CC1A}.Release|x64.ActiveCfg = Release|x64
		{BE750798-BB30-40E6-8866-1E7DF278CC1A}.Release|x64.Build.0 = Release|x64
		{BE750798-BB30-40E6-8866-1E7DF278CC1A}.ReleaseGUI|Win32.ActiveCfg = Release|x64
		{BE750798-BB30-40E6-8866-1E7DF278CC1A}.ReleaseGUI|x64.ActiveCfg = Release|x64
		{BE750798-BB30-40E6-8866-1E7DF278CC1A}.ReleaseGUI|x64.Build.0 = Release|x64
		{F5866849-9E42-4ACB-82EE-385739857238}.Debug|Win32.ActiveCfg = Debug|Win32
		{F5866849-9E42-4ACB-82EE-385739857238}.Debug|Win32.Build.0 = Debug|Win32
		{F5866849-9E42-4ACB-82EE-385739857238}.Debug|x64.ActiveCfg = Debug|x64
		{F5866849-9E42-4ACB-82EE-385739857238}.Debug|x64.Build.0 = Debug|x64
		{F5866849-9E42-4ACB-82EE-385739857238}.DebugGUI|Win32.ActiveCfg = Debug|x64
		{F5866849-9E42-4ACB-82EE-385739857238}.DebugGUI|x64.ActiveCfg = Debug|x64
		{F5866849-9E42-4ACB-82EE-385739857238}.DebugGUI|x64.Build.0 = Debug|x64
		{F5866849-9E42-4ACB-82EE-385739857238}.Release|Win32.ActiveCfg = Release|Win32
		{F5866849-9E42-4ACB-82EE-385739857238}.Release|Win32.Build.0 = Release|Win32
		{F5866849-9E42-4ACB-82EE-385739857238}.Release|x64.ActiveCfg = Release|x64
		{F5866849-9E42-4ACB-82EE-385739857238}.Release|x64.Build.0 = Release|x64
		{F5866849-9E42-4ACB-82EE-385739857238}.ReleaseGUI|Win32.ActiveCfg = Release|x64
		{F5866849-9E42-4ACB-82EE-385739857238}.ReleaseGUI|x64.ActiveCfg = Release|x64
		{F5866849-9E42-4ACB-82EE-385739857238}.ReleaseGUI|x64.Build.0 = Release|x64
		{F0EBFEC9-9E42-4ACB-82EE-129847509899}.Debug|Win32.ActiveCfg = Debug|Win32
		{F0EBFEC9-9E42-4ACB-82EE-129847509899}.Debug|Win32.Build.0 = Debug|Win32
		{F0EBFEC9-9E42-4ACB-82EE-129847509899}.Debug|x64.ActiveCfg = Debug|x64
		{F0EBFEC9-9E42-4ACB-82EE-129847509899}.Debug|x64.Build.0 = Debug|x64
		{F0EBFEC9-9E42-4ACB-82EE-129847509899}.DebugGUI|Win32.ActiveCfg = Debug|x64
		{F0EBFEC9-9E42-4ACB-82EE-129847509899}.DebugGUI|x64.ActiveCfg = Debug|x64
		{F0EBFEC9-9E42-4ACB-82EE-129847509899}.DebugGUI|x64.Build.0 = Debug|x64
		{F0EBFEC9-9E42-4ACB-82EE-129847509899}.Release|Win32.ActiveCfg = Release|Win32
		{F0EBFEC9-9E42-4ACB-82EE-129847509899}.Release|Win32.Build.0 = Release|Win32
		{F0EBFEC9-9E42-4ACB-82EE-129847509899}.Release|x64.ActiveCfg = Release|x64
		{F0EBFEC9-9E42-4ACB-82EE-129847509899}.Release|x64.Build.0 = Release|x64
		{F0EBFEC9-9E42-4ACB-82EE-129847509899}.ReleaseGUI|Win32.ActiveCfg = Release|x64
		{F0EBFEC9-9E42-4ACB-82EE-129847509899}.ReleaseGUI|x64.ActiveCfg = Release|x64
		{F0EBFEC9-9E42-4ACB-82EE-129847509899}.ReleaseGUI|x64.Build.0 = Release|x64
		{CBE8F567-BF05-4433-B68A-5930F88B84BD}.Debug|Win32.ActiveCfg = Debug|Win32
		{CBE8F567-BF05-4433-B68A-5930F88B84BD}.Debug|Win32.Build.0 = Debug|Win32
		{CBE8F567-BF05-4433-B68A-5930F88B84BD}.Debug|x64.ActiveCfg = Debug|x64
		{CBE8F567-BF05-4433-B68A-5930F88B84BD}.Debug|x64.Build.0 = Debug|x64
		{CBE8F567-BF05-4433-B68A-5930F88B84BD}.DebugGUI|Win32.ActiveCfg = Debug|x64
		{CBE8F567-BF05-4433-B68A-5930F88B84BD}.DebugGUI|x64.ActiveCfg = Debug|x64
		{CBE8F567-BF05-4433-B68A-5930F88B84BD}.DebugGUI|x64.Build.0 = Debug|x64
		{CBE8F567-BF05-4433-B68A-5930F88B84BD}.Release|Win32.ActiveCfg = Release|Win32
		{CBE8F567-BF05-4433-B68A-5930F88B84BD}.Release|Win32.Build.0 = Release|Win32
		{CBE8F567-BF05-4433-B68A-5930F88B84BD}.Release|x64.ActiveCfg = Release|x64
		{CBE8F567-BF05-4433-B68A-5930F88B84BD}.Release|x64.Build.0 = Release|x64
		{CBE8F567-BF05-4433-B68A-5930F88B84BD}.ReleaseGUI|Win32.ActiveCfg = Release|x64
		{CBE8F567-BF05-4433-B68A-5930F88B84BD}.ReleaseGUI|x64.ActiveCfg = Release|x64
		{CBE8F567-BF05-4433-B68A-5930F88B84BD}.ReleaseGUI|x64.Build.0 = Release|x64
		{F0EBFEC9-9E42-4ACB-82EE-333444298342}.Debug|Win32.ActiveCfg = Debug|Win32
		{F0EBFEC9-9E42-4ACB-82EE-333444298342}.Debug|Win32.Build.0 = Debug|Win32
		{F0EBFEC9-9E42-4ACB-82EE-333444298342}.Debug|x64.ActiveCfg = Debug|x64
		{F0EBFEC9-9E42-4ACB-82EE-333444298342}.Debug|x64.Build.0 = Debug|x64
		{F0EBFEC9-9E42-4ACB-82EE-333444298342}.DebugGUI|Win32.ActiveCfg = Debug|x64
		{F0EBFEC9-9E42-4ACB-82EE-333444298342}.DebugGUI|x64.ActiveCfg = Debug|x64
		{F0EBFEC9-9E42-4ACB-82EE-333444298342}.DebugGUI|x64.Build.0 = Debug|x64
		{F0EBFEC9-9E42-4ACB-82EE-333444298342}.Release|Win32.ActiveCfg = Release|Win32
		{F0EBFEC9-9E42-4ACB-82EE-333444298342}.Release|Win32.Build.0 = Release|Win32
		{F0EBFEC9-9E42-4ACB-82EE-333444298342}.Release|x64.ActiveCfg = Release|x64
		{F0EBFEC9-9E42-4ACB-82EE-333444298342}.Release|x64.Build.0 = Release|x64
		{F0EBFEC9-9E42-4ACB-82EE-333444298342}.ReleaseGUI|Win32.ActiveCfg = Release|x64
		{F0EBFEC9-9E42-4ACB-82EE-333444298342}.ReleaseGUI|x64.ActiveCfg = Release|x64
		{F0EBFEC9-9E42-4ACB-82EE-333444298342}.ReleaseGUI|x64.Build.0 = Release|x64
	EndGlobalSection
	GlobalSection(SolutionProperties) = preSolution
		HideSolutionNode = FALSE
	EndGlobalSection
EndGlobal
