
Microsoft Visual Studio Solution File, Format Version 11.00
# Visual Studio 2010
Project("{8BC9CEB8-8B4A-11D0-8D11-00A0C91BC942}") = "affx_fusion_com", "affx_fusion_com.vcxproj", "{FBFAA656-E5D0-47B0-89FE-9BF0DD5BB921}"
EndProject
Project("{8BC9CEB8-8B4A-11D0-8D11-00A0C91BC942}") = "affx_fusion_comPS", "affx_fusion_comPS.vcxproj", "{1349BFEA-6483-4453-8193-F2FE15792642}"
EndProject
Project("{8BC9CEB8-8B4A-11D0-8D11-00A0C91BC942}") = "test", "..\com_test\test.vcxproj", "{F79D7B3D-A456-4832-9D83-32FB2841DEDE}"
EndProject
Project("{8BC9CEB8-8B4A-11D0-8D11-00A0C91BC942}") = "lib-fusion", "..\..\lib-fusion-apt.vcxproj", "{F0EBFEC9-9E42-4ACB-82EE-384758609816}"
EndProject
Project("{8BC9CEB8-8B4A-11D0-8D11-00A0C91BC942}") = "lib-file", "..\..\..\file\lib-file-apt.vcxproj", "{F0EBFEC9-9E42-4ACB-82EE-123436597814}"
EndProject
Project("{8BC9CEB8-8B4A-11D0-8D11-00A0C91BC942}") = "lib-calvin", "..\..\lib-calvin-devnet.vcxproj", "{F0EBFEC9-9E42-4ACB-82EE-490684076412}"
EndProject
Project("{8BC9CEB8-8B4A-11D0-8D11-00A0C91BC942}") = "lib-util", "..\..\..\util\lib-util-devnet.vcxproj", "{6812EB15-8E4D-49C0-A2D8-D50B8887A338}"
EndProject
Global
	GlobalSection(SolutionConfigurationPlatforms) = preSolution
		Debug|Win32 = Debug|Win32
		Debug|x64 = Debug|x64
		DebugGUI|Win32 = DebugGUI|Win32
		DebugGUI|x64 = DebugGUI|x64
		Release|Win32 = Release|Win32
		Release|x64 = Release|x64
		ReleaseGUI|Win32 = ReleaseGUI|Win32
		ReleaseGUI|x64 = ReleaseGUI|x64
	EndGlobalSection
	GlobalSection(ProjectConfigurationPlatforms) = postSolution
		{FBFAA656-E5D0-47B0-89FE-9BF0DD5BB921}.Debug|Win32.ActiveCfg = Debug|Win32
		{FBFAA656-E5D0-47B0-89FE-9BF0DD5BB921}.Debug|Win32.Build.0 = Debug|Win32
		{FBFAA656-E5D0-47B0-89FE-9BF0DD5BB921}.Debug|x64.ActiveCfg = Debug|x64
		{FBFAA656-E5D0-47B0-89FE-9BF0DD5BB921}.Debug|x64.Build.0 = Debug|x64
		{FBFAA656-E5D0-47B0-89FE-9BF0DD5BB921}.DebugGUI|Win32.ActiveCfg = Debug|x64
		{FBFAA656-E5D0-47B0-89FE-9BF0DD5BB921}.DebugGUI|x64.ActiveCfg = Debug|x64
		{FBFAA656-E5D0-47B0-89FE-9BF0DD5BB921}.DebugGUI|x64.Build.0 = Debug|x64
		{FBFAA656-E5D0-47B0-89FE-9BF0DD5BB921}.Release|Win32.ActiveCfg = Release|Win32
		{FBFAA656-E5D0-47B0-89FE-9BF0DD5BB921}.Release|Win32.Build.0 = Release|Win32
		{FBFAA656-E5D0-47B0-89FE-9BF0DD5BB921}.Release|x64.ActiveCfg = Release|x64
		{FBFAA656-E5D0-47B0-89FE-9BF0DD5BB921}.Release|x64.Build.0 = Release|x64
		{FBFAA656-E5D0-47B0-89FE-9BF0DD5BB921}.ReleaseGUI|Win32.ActiveCfg = Release|x64
		{FBFAA656-E5D0-47B0-89FE-9BF0DD5BB921}.ReleaseGUI|x64.ActiveCfg = Release|x64
		{FBFAA656-E5D0-47B0-89FE-9BF0DD5BB921}.ReleaseGUI|x64.Build.0 = Release|x64
		{1349BFEA-6483-4453-8193-F2FE15792642}.Debug|Win32.ActiveCfg = Debug|Win32
		{1349BFEA-6483-4453-8193-F2FE15792642}.Debug|x64.ActiveCfg = Debug|x64
		{1349BFEA-6483-4453-8193-F2FE15792642}.DebugGUI|Win32.ActiveCfg = Debug|x64
		{1349BFEA-6483-4453-8193-F2FE15792642}.DebugGUI|x64.ActiveCfg = Debug|x64
		{1349BFEA-6483-4453-8193-F2FE15792642}.DebugGUI|x64.Build.0 = Debug|x64
		{1349BFEA-6483-4453-8193-F2FE15792642}.Release|Win32.ActiveCfg = Release|Win32
		{1349BFEA-6483-4453-8193-F2FE15792642}.Release|x64.ActiveCfg = Release|x64
		{1349BFEA-6483-4453-8193-F2FE15792642}.ReleaseGUI|Win32.ActiveCfg = Release|x64
		{1349BFEA-6483-4453-8193-F2FE15792642}.ReleaseGUI|x64.ActiveCfg = Release|x64
		{1349BFEA-6483-4453-8193-F2FE15792642}.ReleaseGUI|x64.Build.0 = Release|x64
		{F79D7B3D-A456-4832-9D83-32FB2841DEDE}.Debug|Win32.ActiveCfg = Debug|Win32
		{F79D7B3D-A456-4832-9D83-32FB2841DEDE}.Debug|x64.ActiveCfg = Debug|x64
		{F79D7B3D-A456-4832-9D83-32FB2841DEDE}.DebugGUI|Win32.ActiveCfg = Debug|x64
		{F79D7B3D-A456-4832-9D83-32FB2841DEDE}.DebugGUI|x64.ActiveCfg = Debug|x64
		{F79D7B3D-A456-4832-9D83-32FB2841DEDE}.DebugGUI|x64.Build.0 = Debug|x64
		{F79D7B3D-A456-4832-9D83-32FB2841DEDE}.Release|Win32.ActiveCfg = Release|Win32
		{F79D7B3D-A456-4832-9D83-32FB2841DEDE}.Release|x64.ActiveCfg = Release|x64
		{F79D7B3D-A456-4832-9D83-32FB2841DEDE}.ReleaseGUI|Win32.ActiveCfg = Release|x64
		{F79D7B3D-A456-4832-9D83-32FB2841DEDE}.ReleaseGUI|x64.ActiveCfg = Release|x64
		{F79D7B3D-A456-4832-9D83-32FB2841DEDE}.ReleaseGUI|x64.Build.0 = Release|x64
		{F0EBFEC9-9E42-4ACB-82EE-384758609816}.Debug|Win32.ActiveCfg = Debug|Win32
		{F0EBFEC9-9E42-4ACB-82EE-384758609816}.Debug|Win32.Build.0 = Debug|Win32
		{F0EBFEC9-9E42-4ACB-82EE-384758609816}.Debug|x64.ActiveCfg = Debug|x64
		{F0EBFEC9-9E42-4ACB-82EE-384758609816}.Debug|x64.Build.0 = Debug|x64
		{F0EBFEC9-9E42-4ACB-82EE-384758609816}.DebugGUI|Win32.ActiveCfg = Debug|x64
		{F0EBFEC9-9E42-4ACB-82EE-384758609816}.DebugGUI|x64.ActiveCfg = Debug|x64
		{F0EBFEC9-9E42-4ACB-82EE-384758609816}.DebugGUI|x64.Build.0 = Debug|x64
		{F0EBFEC9-9E42-4ACB-82EE-384758609816}.Release|Win32.ActiveCfg = Release|Win32
		{F0EBFEC9-9E42-4ACB-82EE-384758609816}.Release|Win32.Build.0 = Release|Win32
		{F0EBFEC9-9E42-4ACB-82EE-384758609816}.Release|x64.ActiveCfg = Release|x64
		{F0EBFEC9-9E42-4ACB-82EE-384758609816}.Release|x64.Build.0 = Release|x64
		{F0EBFEC9-9E42-4ACB-82EE-384758609816}.ReleaseGUI|Win32.ActiveCfg = Release|x64
		{F0EBFEC9-9E42-4ACB-82EE-384758609816}.ReleaseGUI|x64.ActiveCfg = Release|x64
		{F0EBFEC9-9E42-4ACB-82EE-384758609816}.ReleaseGUI|x64.Build.0 = Release|x64
		{F0EBFEC9-9E42-4ACB-82EE-123436597814}.Debug|Win32.ActiveCfg = Debug|Win32
		{F0EBFEC9-9E42-4ACB-82EE-123436597814}.Debug|Win32.Build.0 = Debug|Win32
		{F0EBFEC9-9E42-4ACB-82EE-123436597814}.Debug|x64.ActiveCfg = Debug|x64
		{F0EBFEC9-9E42-4ACB-82EE-123436597814}.Debug|x64.Build.0 = Debug|x64
		{F0EBFEC9-9E42-4ACB-82EE-123436597814}.DebugGUI|Win32.ActiveCfg = Debug|x64
		{F0EBFEC9-9E42-4ACB-82EE-123436597814}.DebugGUI|x64.ActiveCfg = Debug|x64
		{F0EBFEC9-9E42-4ACB-82EE-123436597814}.DebugGUI|x64.Build.0 = Debug|x64
		{F0EBFEC9-9E42-4ACB-82EE-123436597814}.Release|Win32.ActiveCfg = Release|Win32
		{F0EBFEC9-9E42-4ACB-82EE-123436597814}.Release|Win32.Build.0 = Release|Win32
		{F0EBFEC9-9E42-4ACB-82EE-123436597814}.Release|x64.ActiveCfg = Release|x64
		{F0EBFEC9-9E42-4ACB-82EE-123436597814}.Release|x64.Build.0 = Release|x64
		{F0EBFEC9-9E42-4ACB-82EE-123436597814}.ReleaseGUI|Win32.ActiveCfg = Release|x64
		{F0EBFEC9-9E42-4ACB-82EE-123436597814}.ReleaseGUI|x64.ActiveCfg = Release|x64
		{F0EBFEC9-9E42-4ACB-82EE-123436597814}.ReleaseGUI|x64.Build.0 = Release|x64
		{F0EBFEC9-9E42-4ACB-82EE-490684076412}.Debug|Win32.ActiveCfg = Debug|Win32
		{F0EBFEC9-9E42-4ACB-82EE-490684076412}.Debug|Win32.Build.0 = Debug|Win32
		{F0EBFEC9-9E42-4ACB-82EE-490684076412}.Debug|x64.ActiveCfg = Debug|x64
		{F0EBFEC9-9E42-4ACB-82EE-490684076412}.Debug|x64.Build.0 = Debug|x64
		{F0EBFEC9-9E42-4ACB-82EE-490684076412}.DebugGUI|Win32.ActiveCfg = Debug|x64
		{F0EBFEC9-9E42-4ACB-82EE-490684076412}.DebugGUI|x64.ActiveCfg = Debug|x64
		{F0EBFEC9-9E42-4ACB-82EE-490684076412}.DebugGUI|x64.Build.0 = Debug|x64
		{F0EBFEC9-9E42-4ACB-82EE-490684076412}.Release|Win32.ActiveCfg = Release|Win32
		{F0EBFEC9-9E42-4ACB-82EE-490684076412}.Release|Win32.Build.0 = Release|Win32
		{F0EBFEC9-9E42-4ACB-82EE-490684076412}.Release|x64.ActiveCfg = Release|x64
		{F0EBFEC9-9E42-4ACB-82EE-490684076412}.Release|x64.Build.0 = Release|x64
		{F0EBFEC9-9E42-4ACB-82EE-490684076412}.ReleaseGUI|Win32.ActiveCfg = Release|x64
		{F0EBFEC9-9E42-4ACB-82EE-490684076412}.ReleaseGUI|x64.ActiveCfg = Release|x64
		{F0EBFEC9-9E42-4ACB-82EE-490684076412}.ReleaseGUI|x64.Build.0 = Release|x64
		{6812EB15-8E4D-49C0-A2D8-D50B8887A338}.Debug|Win32.ActiveCfg = Debug|Win32
		{6812EB15-8E4D-49C0-A2D8-D50B8887A338}.Debug|Win32.Build.0 = Debug|Win32
		{6812EB15-8E4D-49C0-A2D8-D50B8887A338}.Debug|x64.ActiveCfg = Debug|x64
		{6812EB15-8E4D-49C0-A2D8-D50B8887A338}.Debug|x64.Build.0 = Debug|x64
		{6812EB15-8E4D-49C0-A2D8-D50B8887A338}.DebugGUI|Win32.ActiveCfg = DebugGUI|Win32
		{6812EB15-8E4D-49C0-A2D8-D50B8887A338}.DebugGUI|Win32.Build.0 = DebugGUI|Win32
		{6812EB15-8E4D-49C0-A2D8-D50B8887A338}.DebugGUI|x64.ActiveCfg = DebugGUI|x64
		{6812EB15-8E4D-49C0-A2D8-D50B8887A338}.DebugGUI|x64.Build.0 = DebugGUI|x64
		{6812EB15-8E4D-49C0-A2D8-D50B8887A338}.Release|Win32.ActiveCfg = Release|Win32
		{6812EB15-8E4D-49C0-A2D8-D50B8887A338}.Release|Win32.Build.0 = Release|Win32
		{6812EB15-8E4D-49C0-A2D8-D50B8887A338}.Release|x64.ActiveCfg = Release|x64
		{6812EB15-8E4D-49C0-A2D8-D50B8887A338}.Release|x64.Build.0 = Release|x64
		{6812EB15-8E4D-49C0-A2D8-D50B8887A338}.ReleaseGUI|Win32.ActiveCfg = ReleaseGUI|Win32
		{6812EB15-8E4D-49C0-A2D8-D50B8887A338}.ReleaseGUI|Win32.Build.0 = ReleaseGUI|Win32
		{6812EB15-8E4D-49C0-A2D8-D50B8887A338}.ReleaseGUI|x64.ActiveCfg = ReleaseGUI|x64
		{6812EB15-8E4D-49C0-A2D8-D50B8887A338}.ReleaseGUI|x64.Build.0 = ReleaseGUI|x64
	EndGlobalSection
	GlobalSection(SolutionProperties) = preSolution
		HideSolutionNode = FALSE
	EndGlobalSection
EndGlobal
