Microsoft Visual Studio Solution File, Format Version 10.00
# Visual Studio 2008
Project("{8BC9CEB8-8B4A-11D0-8D11-00A0C91BC942}") = "test", "test.vcproj", "{CDD33567-9619-4588-B0CA-6C23DDD4F3E9}"
	ProjectSection(ProjectDependencies) = postProject
		{6812EB15-8E4D-49C0-A2D8-D50B8887A338} = {6812EB15-8E4D-49C0-A2D8-D50B8887A338}
		{F0EBFEC9-9E42-4ACB-82EE-490684076412} = {F0EBFEC9-9E42-4ACB-82EE-490684076412}
	EndProjectSection
EndProject
Project("{8BC9CEB8-8B4A-11D0-8D11-00A0C91BC942}") = "lib-util", "..\..\..\util\lib-util-apt.vcproj", "{6812EB15-8E4D-49C0-A2D8-D50B8887A338}"
EndProject
Project("{8BC9CEB8-8B4A-11D0-8D11-00A0C91BC942}") = "lib-calvin", "..\..\lib-calvin-apt.vcproj", "{F0EBFEC9-9E42-4ACB-82EE-490684076412}"
EndProject
Global
	GlobalSection(SolutionConfigurationPlatforms) = preSolution
		Debug|Win32 = Debug|Win32
		DebugGUI|Win32 = DebugGUI|Win32
		Release|Win32 = Release|Win32
		ReleaseGUI|Win32 = ReleaseGUI|Win32
	EndGlobalSection
	GlobalSection(ProjectConfigurationPlatforms) = postSolution
		{CDD33567-9619-4588-B0CA-6C23DDD4F3E9}.Debug|Win32.ActiveCfg = Debug|Win32
		{CDD33567-9619-4588-B0CA-6C23DDD4F3E9}.Debug|Win32.Build.0 = Debug|Win32
		{CDD33567-9619-4588-B0CA-6C23DDD4F3E9}.DebugGUI|Win32.ActiveCfg = Debug|Win32
		{CDD33567-9619-4588-B0CA-6C23DDD4F3E9}.DebugGUI|Win32.Build.0 = Debug|Win32
		{CDD33567-9619-4588-B0CA-6C23DDD4F3E9}.Release|Win32.ActiveCfg = Release|Win32
		{CDD33567-9619-4588-B0CA-6C23DDD4F3E9}.Release|Win32.Build.0 = Release|Win32
		{CDD33567-9619-4588-B0CA-6C23DDD4F3E9}.ReleaseGUI|Win32.ActiveCfg = Release|Win32
		{CDD33567-9619-4588-B0CA-6C23DDD4F3E9}.ReleaseGUI|Win32.Build.0 = Release|Win32
		{6812EB15-8E4D-49C0-A2D8-D50B8887A338}.Debug|Win32.ActiveCfg = Debug|Win32
		{6812EB15-8E4D-49C0-A2D8-D50B8887A338}.Debug|Win32.Build.0 = Debug|Win32
		{6812EB15-8E4D-49C0-A2D8-D50B8887A338}.DebugGUI|Win32.ActiveCfg = DebugGUI|Win32
		{6812EB15-8E4D-49C0-A2D8-D50B8887A338}.DebugGUI|Win32.Build.0 = DebugGUI|Win32
		{6812EB15-8E4D-49C0-A2D8-D50B8887A338}.Release|Win32.ActiveCfg = Release|Win32
		{6812EB15-8E4D-49C0-A2D8-D50B8887A338}.Release|Win32.Build.0 = Release|Win32
		{6812EB15-8E4D-49C0-A2D8-D50B8887A338}.ReleaseGUI|Win32.ActiveCfg = ReleaseGUI|Win32
		{6812EB15-8E4D-49C0-A2D8-D50B8887A338}.ReleaseGUI|Win32.Build.0 = ReleaseGUI|Win32
		{F0EBFEC9-9E42-4ACB-82EE-490684076412}.Debug|Win32.ActiveCfg = Debug|Win32
		{F0EBFEC9-9E42-4ACB-82EE-490684076412}.Debug|Win32.Build.0 = Debug|Win32
		{F0EBFEC9-9E42-4ACB-82EE-490684076412}.DebugGUI|Win32.ActiveCfg = Debug|Win32
		{F0EBFEC9-9E42-4ACB-82EE-490684076412}.DebugGUI|Win32.Build.0 = Debug|Win32
		{F0EBFEC9-9E42-4ACB-82EE-490684076412}.Release|Win32.ActiveCfg = Release|Win32
		{F0EBFEC9-9E42-4ACB-82EE-490684076412}.Release|Win32.Build.0 = Release|Win32
		{F0EBFEC9-9E42-4ACB-82EE-490684076412}.ReleaseGUI|Win32.ActiveCfg = Release|Win32
		{F0EBFEC9-9E42-4ACB-82EE-490684076412}.ReleaseGUI|Win32.Build.0 = Release|Win32
	EndGlobalSection
	GlobalSection(SolutionProperties) = preSolution
		HideSolutionNode = FALSE
	EndGlobalSection
EndGlobal
