
Microsoft Visual Studio Solution File, Format Version 10.00
# Visual Studio 2008
Project("{8BC9CEB8-8B4A-11D0-8D11-00A0C91BC942}") = "txt2mchp", "txt2mchp.vcproj", "{96EDD402-94CD-4983-B6AB-8BD515A9DB05}"
	ProjectSection(ProjectDependencies) = postProject
		{6812EB15-8E4D-49C0-A2D8-D50B8887A338} = {6812EB15-8E4D-49C0-A2D8-D50B8887A338}
		{F0EBFEC9-9E42-4ACB-82EE-123436597814} = {F0EBFEC9-9E42-4ACB-82EE-123436597814}
		{F0EBFEC9-9E42-4ACB-82EE-384758609816} = {F0EBFEC9-9E42-4ACB-82EE-384758609816}
		{F0EBFEC9-9E42-4ACB-82EE-490684076412} = {F0EBFEC9-9E42-4ACB-82EE-490684076412}
	EndProjectSection
EndProject
Project("{2150E333-8FDC-42A3-9474-1A3956D46DE8}") = "Solution Items", "Solution Items", "{AE4A062E-CD9F-4D46-95E5-C1AF831C12EC}"
EndProject
Project("{8BC9CEB8-8B4A-11D0-8D11-00A0C91BC942}") = "lib-fusion", "..\..\lib-fusion-apt.vcproj", "{F0EBFEC9-9E42-4ACB-82EE-384758609816}"
EndProject
Project("{8BC9CEB8-8B4A-11D0-8D11-00A0C91BC942}") = "lib-file", "..\..\..\file\lib-file-apt.vcproj", "{F0EBFEC9-9E42-4ACB-82EE-123436597814}"
EndProject
Project("{8BC9CEB8-8B4A-11D0-8D11-00A0C91BC942}") = "lib-calvin", "..\..\lib-calvin-devnet.vcproj", "{F0EBFEC9-9E42-4ACB-82EE-490684076412}"
EndProject
Project("{8BC9CEB8-8B4A-11D0-8D11-00A0C91BC942}") = "lib-util", "..\..\..\util\lib-util-devnet.vcproj", "{6812EB15-8E4D-49C0-A2D8-D50B8887A338}"
EndProject
Global
	GlobalSection(SolutionConfigurationPlatforms) = preSolution
		Debug|Win32 = Debug|Win32
		Debug|x64 = Debug|x64
		DebugGUI|Win32 = DebugGUI|Win32
		DebugGUI|x64 = DebugGUI|x64
		Release|Win32 = Release|Win32
		Release|x64 = Release|x64
		ReleaseGUI|Win32 = ReleaseGUI|Win32
		ReleaseGUI|x64 = ReleaseGUI|x64
	EndGlobalSection
	GlobalSection(ProjectConfigurationPlatforms) = postSolution
		{96EDD402-94CD-4983-B6AB-8BD515A9DB05}.Debug|Win32.ActiveCfg = Debug|Win32
		{96EDD402-94CD-4983-B6AB-8BD515A9DB05}.Debug|Win32.Build.0 = Debug|Win32
		{96EDD402-94CD-4983-B6AB-8BD515A9DB05}.Debug|x64.ActiveCfg = Debug|x64
		{96EDD402-94CD-4983-B6AB-8BD515A9DB05}.Debug|x64.Build.0 = Debug|x64
		{96EDD402-94CD-4983-B6AB-8BD515A9DB05}.DebugGUI|Win32.ActiveCfg = Debug|Win32
		{96EDD402-94CD-4983-B6AB-8BD515A9DB05}.DebugGUI|Win32.Build.0 = Debug|Win32
		{96EDD402-94CD-4983-B6AB-8BD515A9DB05}.DebugGUI|x64.ActiveCfg = Debug|Win32
		{96EDD402-94CD-4983-B6AB-8BD515A9DB05}.Release|Win32.ActiveCfg = Release|Win32
		{96EDD402-94CD-4983-B6AB-8BD515A9DB05}.Release|Win32.Build.0 = Release|Win32
		{96EDD402-94CD-4983-B6AB-8BD515A9DB05}.Release|x64.ActiveCfg = Release|Win32
		{96EDD402-94CD-4983-B6AB-8BD515A9DB05}.ReleaseGUI|Win32.ActiveCfg = Release|Win32
		{96EDD402-94CD-4983-B6AB-8BD515A9DB05}.ReleaseGUI|Win32.Build.0 = Release|Win32
		{96EDD402-94CD-4983-B6AB-8BD515A9DB05}.ReleaseGUI|x64.ActiveCfg = Release|Win32
		{F0EBFEC9-9E42-4ACB-82EE-384758609816}.Debug|Win32.ActiveCfg = Debug|Win32
		{F0EBFEC9-9E42-4ACB-82EE-384758609816}.Debug|Win32.Build.0 = Debug|Win32
		{F0EBFEC9-9E42-4ACB-82EE-384758609816}.Debug|x64.ActiveCfg = Debug|x64
		{F0EBFEC9-9E42-4ACB-82EE-384758609816}.Debug|x64.Build.0 = Debug|x64
		{F0EBFEC9-9E42-4ACB-82EE-384758609816}.DebugGUI|Win32.ActiveCfg = Debug|x64
		{F0EBFEC9-9E42-4ACB-82EE-384758609816}.DebugGUI|x64.ActiveCfg = Debug|x64
		{F0EBFEC9-9E42-4ACB-82EE-384758609816}.DebugGUI|x64.Build.0 = Debug|x64
		{F0EBFEC9-9E42-4ACB-82EE-384758609816}.Release|Win32.ActiveCfg = Release|Win32
		{F0EBFEC9-9E42-4ACB-82EE-384758609816}.Release|Win32.Build.0 = Release|Win32
		{F0EBFEC9-9E42-4ACB-82EE-384758609816}.Release|x64.ActiveCfg = Release|x64
		{F0EBFEC9-9E42-4ACB-82EE-384758609816}.Release|x64.Build.0 = Release|x64
		{F0EBFEC9-9E42-4ACB-82EE-384758609816}.ReleaseGUI|Win32.ActiveCfg = Release|x64
		{F0EBFEC9-9E42-4ACB-82EE-384758609816}.ReleaseGUI|x64.ActiveCfg = Release|x64
		{F0EBFEC9-9E42-4ACB-82EE-384758609816}.ReleaseGUI|x64.Build.0 = Release|x64
		{F0EBFEC9-9E42-4ACB-82EE-123436597814}.Debug|Win32.ActiveCfg = Debug|Win32
		{F0EBFEC9-9E42-4ACB-82EE-123436597814}.Debug|Win32.Build.0 = Debug|Win32
		{F0EBFEC9-9E42-4ACB-82EE-123436597814}.Debug|x64.ActiveCfg = Debug|x64
		{F0EBFEC9-9E42-4ACB-82EE-123436597814}.Debug|x64.Build.0 = Debug|x64
		{F0EBFEC9-9E42-4ACB-82EE-123436597814}.DebugGUI|Win32.ActiveCfg = Debug|x64
		{F0EBFEC9-9E42-4ACB-82EE-123436597814}.DebugGUI|x64.ActiveCfg = Debug|x64
		{F0EBFEC9-9E42-4ACB-82EE-123436597814}.DebugGUI|x64.Build.0 = Debug|x64
		{F0EBFEC9-9E42-4ACB-82EE-123436597814}.Release|Win32.ActiveCfg = Release|Win32
		{F0EBFEC9-9E42-4ACB-82EE-123436597814}.Release|Win32.Build.0 = Release|Win32
		{F0EBFEC9-9E42-4ACB-82EE-123436597814}.Release|x64.ActiveCfg = Release|x64
		{F0EBFEC9-9E42-4ACB-82EE-123436597814}.Release|x64.Build.0 = Release|x64
		{F0EBFEC9-9E42-4ACB-82EE-123436597814}.ReleaseGUI|Win32.ActiveCfg = Release|x64
		{F0EBFEC9-9E42-4ACB-82EE-123436597814}.ReleaseGUI|x64.ActiveCfg = Release|x64
		{F0EBFEC9-9E42-4ACB-82EE-123436597814}.ReleaseGUI|x64.Build.0 = Release|x64
		{F0EBFEC9-9E42-4ACB-82EE-490684076412}.Debug|Win32.ActiveCfg = Debug|Win32
		{F0EBFEC9-9E42-4ACB-82EE-490684076412}.Debug|Win32.Build.0 = Debug|Win32
		{F0EBFEC9-9E42-4ACB-82EE-490684076412}.Debug|x64.ActiveCfg = Debug|x64
		{F0EBFEC9-9E42-4ACB-82EE-490684076412}.Debug|x64.Build.0 = Debug|x64
		{F0EBFEC9-9E42-4ACB-82EE-490684076412}.DebugGUI|Win32.ActiveCfg = Debug|x64
		{F0EBFEC9-9E42-4ACB-82EE-490684076412}.DebugGUI|x64.ActiveCfg = Debug|x64
		{F0EBFEC9-9E42-4ACB-82EE-490684076412}.DebugGUI|x64.Build.0 = Debug|x64
		{F0EBFEC9-9E42-4ACB-82EE-490684076412}.Release|Win32.ActiveCfg = Release|Win32
		{F0EBFEC9-9E42-4ACB-82EE-490684076412}.Release|Win32.Build.0 = Release|Win32
		{F0EBFEC9-9E42-4ACB-82EE-490684076412}.Release|x64.ActiveCfg = Release|x64
		{F0EBFEC9-9E42-4ACB-82EE-490684076412}.Release|x64.Build.0 = Release|x64
		{F0EBFEC9-9E42-4ACB-82EE-490684076412}.ReleaseGUI|Win32.ActiveCfg = Release|x64
		{F0EBFEC9-9E42-4ACB-82EE-490684076412}.ReleaseGUI|x64.ActiveCfg = Release|x64
		{F0EBFEC9-9E42-4ACB-82EE-490684076412}.ReleaseGUI|x64.Build.0 = Release|x64
		{6812EB15-8E4D-49C0-A2D8-D50B8887A338}.Debug|Win32.ActiveCfg = Debug|Win32
		{6812EB15-8E4D-49C0-A2D8-D50B8887A338}.Debug|Win32.Build.0 = Debug|Win32
		{6812EB15-8E4D-49C0-A2D8-D50B8887A338}.Debug|x64.ActiveCfg = Debug|x64
		{6812EB15-8E4D-49C0-A2D8-D50B8887A338}.Debug|x64.Build.0 = Debug|x64
		{6812EB15-8E4D-49C0-A2D8-D50B8887A338}.DebugGUI|Win32.ActiveCfg = DebugGUI|Win32
		{6812EB15-8E4D-49C0-A2D8-D50B8887A338}.DebugGUI|Win32.Build.0 = DebugGUI|Win32
		{6812EB15-8E4D-49C0-A2D8-D50B8887A338}.DebugGUI|x64.ActiveCfg = DebugGUI|x64
		{6812EB15-8E4D-49C0-A2D8-D50B8887A338}.DebugGUI|x64.Build.0 = DebugGUI|x64
		{6812EB15-8E4D-49C0-A2D8-D50B8887A338}.Release|Win32.ActiveCfg = Release|Win32
		{6812EB15-8E4D-49C0-A2D8-D50B8887A338}.Release|Win32.Build.0 = Release|Win32
		{6812EB15-8E4D-49C0-A2D8-D50B8887A338}.Release|x64.ActiveCfg = Release|x64
		{6812EB15-8E4D-49C0-A2D8-D50B8887A338}.Release|x64.Build.0 = Release|x64
		{6812EB15-8E4D-49C0-A2D8-D50B8887A338}.ReleaseGUI|Win32.ActiveCfg = ReleaseGUI|Win32
		{6812EB15-8E4D-49C0-A2D8-D50B8887A338}.ReleaseGUI|Win32.Build.0 = ReleaseGUI|Win32
		{6812EB15-8E4D-49C0-A2D8-D50B8887A338}.ReleaseGUI|x64.ActiveCfg = ReleaseGUI|x64
		{6812EB15-8E4D-49C0-A2D8-D50B8887A338}.ReleaseGUI|x64.Build.0 = ReleaseGUI|x64
	EndGlobalSection
	GlobalSection(SolutionProperties) = preSolution
		HideSolutionNode = FALSE
	EndGlobalSection
EndGlobal
